
Microsoft Visual Studio Solution File, Format Version 12.00
# Visual Studio Version 17
VisualStudioVersion = 17.2.32630.192
MinimumVisualStudioVersion = 10.0.40219.1
Project("{FAE04EC0-301F-11D3-BF4B-00C04F79EFBC}") = "TestProject1", "TestProject1\TestProject1.csproj", "{20F10E8B-8E0F-476E-8F9C-99C0E73569C7}"
EndProject
Project("{FAE04EC0-301F-11D3-BF4B-00C04F79EFBC}") = "SpecFlowProject1", "SpecFlowProject1\SpecFlowProject1.csproj", "{F2CDDE8D-D36C-4735-96B0-D778AC0DE77B}"
EndProject
Global
	GlobalSection(SolutionConfigurationPlatforms) = preSolution
		Debug|Any CPU = Debug|Any CPU
		Release|Any CPU = Release|Any CPU
	EndGlobalSection
	GlobalSection(ProjectConfigurationPlatforms) = postSolution
		{20F10E8B-8E0F-476E-8F9C-99C0E73569C7}.Debug|Any CPU.ActiveCfg = Debug|Any CPU
		{20F10E8B-8E0F-476E-8F9C-99C0E73569C7}.Debug|Any CPU.Build.0 = Debug|Any CPU
		{20F10E8B-8E0F-476E-8F9C-99C0E73569C7}.Release|Any CPU.ActiveCfg = Release|Any CPU
		{20F10E8B-8E0F-476E-8F9C-99C0E73569C7}.Release|Any CPU.Build.0 = Release|Any CPU
		{F2CDDE8D-D36C-4735-96B0-D778AC0DE77B}.Debug|Any CPU.ActiveCfg = Debug|Any CPU
		{F2CDDE8D-D36C-4735-96B0-D778AC0DE77B}.Debug|Any CPU.Build.0 = Debug|Any CPU
		{F2CDDE8D-D36C-4735-96B0-D778AC0DE77B}.Release|Any CPU.ActiveCfg = Release|Any CPU
		{F2CDDE8D-D36C-4735-96B0-D778AC0DE77B}.Release|Any CPU.Build.0 = Release|Any CPU
	EndGlobalSection
	GlobalSection(SolutionProperties) = preSolution
		HideSolutionNode = FALSE
	EndGlobalSection
	GlobalSection(ExtensibilityGlobals) = postSolution
		SolutionGuid = {A76237CF-CBD8-4698-B874-F6509FF94A83}
	EndGlobalSection
EndGlobal
