
Microsoft Visual Studio Solution File, Format Version 12.00
# Visual Studio Version 17
VisualStudioVersion = 17.2.32630.192
MinimumVisualStudioVersion = 10.0.40219.1
Project("{FAE04EC0-301F-11D3-BF4B-00C04F79EFBC}") = "CarTests", "CarTests\CarTests.csproj", "{8F9CD7FC-7BDB-439B-8DAD-4D7EB525A23F}"
EndProject
Global
	GlobalSection(SolutionConfigurationPlatforms) = preSolution
		Debug|Any CPU = Debug|Any CPU
		Release|Any CPU = Release|Any CPU
	EndGlobalSection
	GlobalSection(ProjectConfigurationPlatforms) = postSolution
		{8F9CD7FC-7BDB-439B-8DAD-4D7EB525A23F}.Debug|Any CPU.ActiveCfg = Debug|Any CPU
		{8F9CD7FC-7BDB-439B-8DAD-4D7EB525A23F}.Debug|Any CPU.Build.0 = Debug|Any CPU
		{8F9CD7FC-7BDB-439B-8DAD-4D7EB525A23F}.Release|Any CPU.ActiveCfg = Release|Any CPU
		{8F9CD7FC-7BDB-439B-8DAD-4D7EB525A23F}.Release|Any CPU.Build.0 = Release|Any CPU
	EndGlobalSection
	GlobalSection(SolutionProperties) = preSolution
		HideSolutionNode = FALSE
	EndGlobalSection
	GlobalSection(ExtensibilityGlobals) = postSolution
		SolutionGuid = {1018D49A-0B23-4D98-9F80-358FB4219EDF}
	EndGlobalSection
EndGlobal
