
Microsoft Visual Studio Solution File, Format Version 12.00
# Visual Studio Version 17
VisualStudioVersion = 17.2.32630.192
MinimumVisualStudioVersion = 10.0.40219.1
Project("{FAE04EC0-301F-11D3-BF4B-00C04F79EFBC}") = "CasesSelector", "CasesChouser\CasesSelector.csproj", "{B4F648C8-F374-4B96-B0A7-BFDBD39C9A93}"
EndProject
Global
	GlobalSection(SolutionConfigurationPlatforms) = preSolution
		Debug|Any CPU = Debug|Any CPU
		Release|Any CPU = Release|Any CPU
	EndGlobalSection
	GlobalSection(ProjectConfigurationPlatforms) = postSolution
		{B4F648C8-F374-4B96-B0A7-BFDBD39C9A93}.Debug|Any CPU.ActiveCfg = Debug|Any CPU
		{B4F648C8-F374-4B96-B0A7-BFDBD39C9A93}.Debug|Any CPU.Build.0 = Debug|Any CPU
		{B4F648C8-F374-4B96-B0A7-BFDBD39C9A93}.Release|Any CPU.ActiveCfg = Release|Any CPU
		{B4F648C8-F374-4B96-B0A7-BFDBD39C9A93}.Release|Any CPU.Build.0 = Release|Any CPU
	EndGlobalSection
	GlobalSection(SolutionProperties) = preSolution
		HideSolutionNode = FALSE
	EndGlobalSection
	GlobalSection(ExtensibilityGlobals) = postSolution
		SolutionGuid = {799F0132-2AB6-40E4-877B-C8CDF33845E6}
	EndGlobalSection
EndGlobal
