
Microsoft Visual Studio Solution File, Format Version 12.00
# Visual Studio Version 17
VisualStudioVersion = 17.2.32630.192
MinimumVisualStudioVersion = 10.0.40219.1
Project("{9A19103F-16F7-4668-BE54-9A1E7A4F7556}") = "FreshFiles", "ConsoleApp1\FreshFiles.csproj", "{2C0781E0-5274-401D-BF37-CEC7A294EF16}"
EndProject
Global
	GlobalSection(SolutionConfigurationPlatforms) = preSolution
		Debug|Any CPU = Debug|Any CPU
		Release|Any CPU = Release|Any CPU
	EndGlobalSection
	GlobalSection(ProjectConfigurationPlatforms) = postSolution
		{2C0781E0-5274-401D-BF37-CEC7A294EF16}.Debug|Any CPU.ActiveCfg = Debug|Any CPU
		{2C0781E0-5274-401D-BF37-CEC7A294EF16}.Debug|Any CPU.Build.0 = Debug|Any CPU
		{2C0781E0-5274-401D-BF37-CEC7A294EF16}.Release|Any CPU.ActiveCfg = Release|Any CPU
		{2C0781E0-5274-401D-BF37-CEC7A294EF16}.Release|Any CPU.Build.0 = Release|Any CPU
	EndGlobalSection
	GlobalSection(SolutionProperties) = preSolution
		HideSolutionNode = FALSE
	EndGlobalSection
	GlobalSection(ExtensibilityGlobals) = postSolution
		SolutionGuid = {09D99C71-81F6-47A7-88D9-0BFA1C5CCCCB}
	EndGlobalSection
EndGlobal
