
Microsoft Visual Studio Solution File, Format Version 12.00
# Visual Studio Version 17
VisualStudioVersion = 17.2.32630.192
MinimumVisualStudioVersion = 10.0.40219.1
Project("{FAE04EC0-301F-11D3-BF4B-00C04F79EFBC}") = "ArrayDifference", "ArrayDifference\ArrayDifference.csproj", "{CF2177D6-C0F0-4A40-A4A6-536E12D52B2D}"
EndProject
Global
	GlobalSection(SolutionConfigurationPlatforms) = preSolution
		Debug|Any CPU = Debug|Any CPU
		Release|Any CPU = Release|Any CPU
	EndGlobalSection
	GlobalSection(ProjectConfigurationPlatforms) = postSolution
		{CF2177D6-C0F0-4A40-A4A6-536E12D52B2D}.Debug|Any CPU.ActiveCfg = Debug|Any CPU
		{CF2177D6-C0F0-4A40-A4A6-536E12D52B2D}.Debug|Any CPU.Build.0 = Debug|Any CPU
		{CF2177D6-C0F0-4A40-A4A6-536E12D52B2D}.Release|Any CPU.ActiveCfg = Release|Any CPU
		{CF2177D6-C0F0-4A40-A4A6-536E12D52B2D}.Release|Any CPU.Build.0 = Release|Any CPU
	EndGlobalSection
	GlobalSection(SolutionProperties) = preSolution
		HideSolutionNode = FALSE
	EndGlobalSection
	GlobalSection(ExtensibilityGlobals) = postSolution
		SolutionGuid = {248D14DD-DAC2-47DE-8A70-B95FC25E151B}
	EndGlobalSection
EndGlobal
